{
  "version": "4",
  "specifiers": {
    "jsr:@fathym/kia@^0.0.117": "0.0.117",
    "jsr:@std/fmt@1.0.1": "1.0.1",
    "jsr:@std/path@^1.0.8": "1.0.8",
    "npm:vite@^5.4.11": "5.4.11"
  },
  "jsr": {
    "@fathym/kia@0.0.117": {
      "integrity": "07b17d791b274a1c01b484ba14a2deb129843ab1162484d8b6ac40499c45e6dc",
      "dependencies": [
        "jsr:@std/fmt"
      ]
    },
    "@std/fmt@1.0.1": {
      "integrity": "ef76c37faa7720faa8c20fd8cc74583f9b1e356dfd630c8714baa716a45856ab"
    },
    "@std/path@1.0.8": {
      "integrity": "548fa456bb6a04d3c1a1e7477986b6cffbce95102d0bb447c67c4ee70e0364be"
    }
  },
  "npm": {
    "@esbuild/aix-ppc64@0.21.5": {
      "integrity": "sha512-1SDgH6ZSPTlggy1yI6+Dbkiz8xzpHJEVAlF/AM1tHPLsf5STom9rwtjE4hKAF20FfXXNTFqEYXyJNWh1GiZedQ=="
    },
    "@esbuild/android-arm64@0.21.5": {
      "integrity": "sha512-c0uX9VAUBQ7dTDCjq+wdyGLowMdtR/GoC2U5IYk/7D1H1JYC0qseD7+11iMP2mRLN9RcCMRcjC4YMclCzGwS/A=="
    },
    "@esbuild/android-arm@0.21.5": {
      "integrity": "sha512-vCPvzSjpPHEi1siZdlvAlsPxXl7WbOVUBBAowWug4rJHb68Ox8KualB+1ocNvT5fjv6wpkX6o/iEpbDrf68zcg=="
    },
    "@esbuild/android-x64@0.21.5": {
      "integrity": "sha512-D7aPRUUNHRBwHxzxRvp856rjUHRFW1SdQATKXH2hqA0kAZb1hKmi02OpYRacl0TxIGz/ZmXWlbZgjwWYaCakTA=="
    },
    "@esbuild/darwin-arm64@0.21.5": {
      "integrity": "sha512-DwqXqZyuk5AiWWf3UfLiRDJ5EDd49zg6O9wclZ7kUMv2WRFr4HKjXp/5t8JZ11QbQfUS6/cRCKGwYhtNAY88kQ=="
    },
    "@esbuild/darwin-x64@0.21.5": {
      "integrity": "sha512-se/JjF8NlmKVG4kNIuyWMV/22ZaerB+qaSi5MdrXtd6R08kvs2qCN4C09miupktDitvh8jRFflwGFBQcxZRjbw=="
    },
    "@esbuild/freebsd-arm64@0.21.5": {
      "integrity": "sha512-5JcRxxRDUJLX8JXp/wcBCy3pENnCgBR9bN6JsY4OmhfUtIHe3ZW0mawA7+RDAcMLrMIZaf03NlQiX9DGyB8h4g=="
    },
    "@esbuild/freebsd-x64@0.21.5": {
      "integrity": "sha512-J95kNBj1zkbMXtHVH29bBriQygMXqoVQOQYA+ISs0/2l3T9/kj42ow2mpqerRBxDJnmkUDCaQT/dfNXWX/ZZCQ=="
    },
    "@esbuild/linux-arm64@0.21.5": {
      "integrity": "sha512-ibKvmyYzKsBeX8d8I7MH/TMfWDXBF3db4qM6sy+7re0YXya+K1cem3on9XgdT2EQGMu4hQyZhan7TeQ8XkGp4Q=="
    },
    "@esbuild/linux-arm@0.21.5": {
      "integrity": "sha512-bPb5AHZtbeNGjCKVZ9UGqGwo8EUu4cLq68E95A53KlxAPRmUyYv2D6F0uUI65XisGOL1hBP5mTronbgo+0bFcA=="
    },
    "@esbuild/linux-ia32@0.21.5": {
      "integrity": "sha512-YvjXDqLRqPDl2dvRODYmmhz4rPeVKYvppfGYKSNGdyZkA01046pLWyRKKI3ax8fbJoK5QbxblURkwK/MWY18Tg=="
    },
    "@esbuild/linux-loong64@0.21.5": {
      "integrity": "sha512-uHf1BmMG8qEvzdrzAqg2SIG/02+4/DHB6a9Kbya0XDvwDEKCoC8ZRWI5JJvNdUjtciBGFQ5PuBlpEOXQj+JQSg=="
    },
    "@esbuild/linux-mips64el@0.21.5": {
      "integrity": "sha512-IajOmO+KJK23bj52dFSNCMsz1QP1DqM6cwLUv3W1QwyxkyIWecfafnI555fvSGqEKwjMXVLokcV5ygHW5b3Jbg=="
    },
    "@esbuild/linux-ppc64@0.21.5": {
      "integrity": "sha512-1hHV/Z4OEfMwpLO8rp7CvlhBDnjsC3CttJXIhBi+5Aj5r+MBvy4egg7wCbe//hSsT+RvDAG7s81tAvpL2XAE4w=="
    },
    "@esbuild/linux-riscv64@0.21.5": {
      "integrity": "sha512-2HdXDMd9GMgTGrPWnJzP2ALSokE/0O5HhTUvWIbD3YdjME8JwvSCnNGBnTThKGEB91OZhzrJ4qIIxk/SBmyDDA=="
    },
    "@esbuild/linux-s390x@0.21.5": {
      "integrity": "sha512-zus5sxzqBJD3eXxwvjN1yQkRepANgxE9lgOW2qLnmr8ikMTphkjgXu1HR01K4FJg8h1kEEDAqDcZQtbrRnB41A=="
    },
    "@esbuild/linux-x64@0.21.5": {
      "integrity": "sha512-1rYdTpyv03iycF1+BhzrzQJCdOuAOtaqHTWJZCWvijKD2N5Xu0TtVC8/+1faWqcP9iBCWOmjmhoH94dH82BxPQ=="
    },
    "@esbuild/netbsd-x64@0.21.5": {
      "integrity": "sha512-Woi2MXzXjMULccIwMnLciyZH4nCIMpWQAs049KEeMvOcNADVxo0UBIQPfSmxB3CWKedngg7sWZdLvLczpe0tLg=="
    },
    "@esbuild/openbsd-x64@0.21.5": {
      "integrity": "sha512-HLNNw99xsvx12lFBUwoT8EVCsSvRNDVxNpjZ7bPn947b8gJPzeHWyNVhFsaerc0n3TsbOINvRP2byTZ5LKezow=="
    },
    "@esbuild/sunos-x64@0.21.5": {
      "integrity": "sha512-6+gjmFpfy0BHU5Tpptkuh8+uw3mnrvgs+dSPQXQOv3ekbordwnzTVEb4qnIvQcYXq6gzkyTnoZ9dZG+D4garKg=="
    },
    "@esbuild/win32-arm64@0.21.5": {
      "integrity": "sha512-Z0gOTd75VvXqyq7nsl93zwahcTROgqvuAcYDUr+vOv8uHhNSKROyU961kgtCD1e95IqPKSQKH7tBTslnS3tA8A=="
    },
    "@esbuild/win32-ia32@0.21.5": {
      "integrity": "sha512-SWXFF1CL2RVNMaVs+BBClwtfZSvDgtL//G/smwAc5oVK/UPu2Gu9tIaRgFmYFFKrmg3SyAjSrElf0TiJ1v8fYA=="
    },
    "@esbuild/win32-x64@0.21.5": {
      "integrity": "sha512-tQd/1efJuzPC6rCFwEvLtci/xNFcTZknmXs98FYDfGE4wP9ClFV98nyKrzJKVPMhdDnjzLhdUyMX4PsQAPjwIw=="
    },
    "@rollup/rollup-android-arm-eabi@4.25.0": {
      "integrity": "sha512-CC/ZqFZwlAIbU1wUPisHyV/XRc5RydFrNLtgl3dGYskdwPZdt4HERtKm50a/+DtTlKeCq9IXFEWR+P6blwjqBA=="
    },
    "@rollup/rollup-android-arm64@4.25.0": {
      "integrity": "sha512-/Y76tmLGUJqVBXXCfVS8Q8FJqYGhgH4wl4qTA24E9v/IJM0XvJCGQVSW1QZ4J+VURO9h8YCa28sTFacZXwK7Rg=="
    },
    "@rollup/rollup-darwin-arm64@4.25.0": {
      "integrity": "sha512-YVT6L3UrKTlC0FpCZd0MGA7NVdp7YNaEqkENbWQ7AOVOqd/7VzyHpgIpc1mIaxRAo1ZsJRH45fq8j4N63I/vvg=="
    },
    "@rollup/rollup-darwin-x64@4.25.0": {
      "integrity": "sha512-ZRL+gexs3+ZmmWmGKEU43Bdn67kWnMeWXLFhcVv5Un8FQcx38yulHBA7XR2+KQdYIOtD0yZDWBCudmfj6lQJoA=="
    },
    "@rollup/rollup-freebsd-arm64@4.25.0": {
      "integrity": "sha512-xpEIXhiP27EAylEpreCozozsxWQ2TJbOLSivGfXhU4G1TBVEYtUPi2pOZBnvGXHyOdLAUUhPnJzH3ah5cqF01g=="
    },
    "@rollup/rollup-freebsd-x64@4.25.0": {
      "integrity": "sha512-sC5FsmZGlJv5dOcURrsnIK7ngc3Kirnx3as2XU9uER+zjfyqIjdcMVgzy4cOawhsssqzoAX19qmxgJ8a14Qrqw=="
    },
    "@rollup/rollup-linux-arm-gnueabihf@4.25.0": {
      "integrity": "sha512-uD/dbLSs1BEPzg564TpRAQ/YvTnCds2XxyOndAO8nJhaQcqQGFgv/DAVko/ZHap3boCvxnzYMa3mTkV/B/3SWA=="
    },
    "@rollup/rollup-linux-arm-musleabihf@4.25.0": {
      "integrity": "sha512-ZVt/XkrDlQWegDWrwyC3l0OfAF7yeJUF4fq5RMS07YM72BlSfn2fQQ6lPyBNjt+YbczMguPiJoCfaQC2dnflpQ=="
    },
    "@rollup/rollup-linux-arm64-gnu@4.25.0": {
      "integrity": "sha512-qboZ+T0gHAW2kkSDPHxu7quaFaaBlynODXpBVnPxUgvWYaE84xgCKAPEYE+fSMd3Zv5PyFZR+L0tCdYCMAtG0A=="
    },
    "@rollup/rollup-linux-arm64-musl@4.25.0": {
      "integrity": "sha512-ndWTSEmAaKr88dBuogGH2NZaxe7u2rDoArsejNslugHZ+r44NfWiwjzizVS1nUOHo+n1Z6qV3X60rqE/HlISgw=="
    },
    "@rollup/rollup-linux-powerpc64le-gnu@4.25.0": {
      "integrity": "sha512-BVSQvVa2v5hKwJSy6X7W1fjDex6yZnNKy3Kx1JGimccHft6HV0THTwNtC2zawtNXKUu+S5CjXslilYdKBAadzA=="
    },
    "@rollup/rollup-linux-riscv64-gnu@4.25.0": {
      "integrity": "sha512-G4hTREQrIdeV0PE2JruzI+vXdRnaK1pg64hemHq2v5fhv8C7WjVaeXc9P5i4Q5UC06d/L+zA0mszYIKl+wY8oA=="
    },
    "@rollup/rollup-linux-s390x-gnu@4.25.0": {
      "integrity": "sha512-9T/w0kQ+upxdkFL9zPVB6zy9vWW1deA3g8IauJxojN4bnz5FwSsUAD034KpXIVX5j5p/rn6XqumBMxfRkcHapQ=="
    },
    "@rollup/rollup-linux-x64-gnu@4.25.0": {
      "integrity": "sha512-ThcnU0EcMDn+J4B9LD++OgBYxZusuA7iemIIiz5yzEcFg04VZFzdFjuwPdlURmYPZw+fgVrFzj4CA64jSTG4Ig=="
    },
    "@rollup/rollup-linux-x64-musl@4.25.0": {
      "integrity": "sha512-zx71aY2oQxGxAT1JShfhNG79PnjYhMC6voAjzpu/xmMjDnKNf6Nl/xv7YaB/9SIa9jDYf8RBPWEnjcdlhlv1rQ=="
    },
    "@rollup/rollup-win32-arm64-msvc@4.25.0": {
      "integrity": "sha512-JT8tcjNocMs4CylWY/CxVLnv8e1lE7ff1fi6kbGocWwxDq9pj30IJ28Peb+Y8yiPNSF28oad42ApJB8oUkwGww=="
    },
    "@rollup/rollup-win32-ia32-msvc@4.25.0": {
      "integrity": "sha512-dRLjLsO3dNOfSN6tjyVlG+Msm4IiZnGkuZ7G5NmpzwF9oOc582FZG05+UdfTbz5Jd4buK/wMb6UeHFhG18+OEg=="
    },
    "@rollup/rollup-win32-x64-msvc@4.25.0": {
      "integrity": "sha512-/RqrIFtLB926frMhZD0a5oDa4eFIbyNEwLLloMTEjmqfwZWXywwVVOVmwTsuyhC9HKkVEZcOOi+KV4U9wmOdlg=="
    },
    "@types/estree@1.0.6": {
      "integrity": "sha512-AYnb1nQyY49te+VRAVgmzfcgjYS91mY5P0TKUDCLEM+gNnA+3T6rWITXRLYCpahpqSQbN5cE+gHpnPyXjHWxcw=="
    },
    "esbuild@0.21.5": {
      "integrity": "sha512-mg3OPMV4hXywwpoDxu3Qda5xCKQi+vCTZq8S9J/EpkhB2HzKXq4SNFZE3+NK93JYxc8VMSep+lOUSC/RVKaBqw==",
      "dependencies": [
        "@esbuild/aix-ppc64",
        "@esbuild/android-arm",
        "@esbuild/android-arm64",
        "@esbuild/android-x64",
        "@esbuild/darwin-arm64",
        "@esbuild/darwin-x64",
        "@esbuild/freebsd-arm64",
        "@esbuild/freebsd-x64",
        "@esbuild/linux-arm",
        "@esbuild/linux-arm64",
        "@esbuild/linux-ia32",
        "@esbuild/linux-loong64",
        "@esbuild/linux-mips64el",
        "@esbuild/linux-ppc64",
        "@esbuild/linux-riscv64",
        "@esbuild/linux-s390x",
        "@esbuild/linux-x64",
        "@esbuild/netbsd-x64",
        "@esbuild/openbsd-x64",
        "@esbuild/sunos-x64",
        "@esbuild/win32-arm64",
        "@esbuild/win32-ia32",
        "@esbuild/win32-x64"
      ]
    },
    "fsevents@2.3.3": {
      "integrity": "sha512-5xoDfX+fL7faATnagmWPpbFtwh/R77WmMMqqHGS65C3vvB0YHrgF+B1YmZ3441tMj5n63k0212XNoJwzlhffQw=="
    },
    "nanoid@3.3.7": {
      "integrity": "sha512-eSRppjcPIatRIMC1U6UngP8XFcz8MQWGQdt1MTBQ7NaAmvXDfvNxbvWV3x2y6CdEUciCSsDHDQZbhYaB8QEo2g=="
    },
    "picocolors@1.1.1": {
      "integrity": "sha512-xceH2snhtb5M9liqDsmEw56le376mTZkEX/jEb/RxNFyegNul7eNslCXP9FDj/Lcu0X8KEyMceP2ntpaHrDEVA=="
    },
    "postcss@8.4.48": {
      "integrity": "sha512-GCRK8F6+Dl7xYniR5a4FYbpBzU8XnZVeowqsQFYdcXuSbChgiks7qybSkbvnaeqv0G0B+dd9/jJgH8kkLDQeEA==",
      "dependencies": [
        "nanoid",
        "picocolors",
        "source-map-js"
      ]
    },
    "rollup@4.25.0": {
      "integrity": "sha512-uVbClXmR6wvx5R1M3Od4utyLUxrmOcEm3pAtMphn73Apq19PDtHpgZoEvqH2YnnaNUuvKmg2DgRd2Sqv+odyqg==",
      "dependencies": [
        "@rollup/rollup-android-arm-eabi",
        "@rollup/rollup-android-arm64",
        "@rollup/rollup-darwin-arm64",
        "@rollup/rollup-darwin-x64",
        "@rollup/rollup-freebsd-arm64",
        "@rollup/rollup-freebsd-x64",
        "@rollup/rollup-linux-arm-gnueabihf",
        "@rollup/rollup-linux-arm-musleabihf",
        "@rollup/rollup-linux-arm64-gnu",
        "@rollup/rollup-linux-arm64-musl",
        "@rollup/rollup-linux-powerpc64le-gnu",
        "@rollup/rollup-linux-riscv64-gnu",
        "@rollup/rollup-linux-s390x-gnu",
        "@rollup/rollup-linux-x64-gnu",
        "@rollup/rollup-linux-x64-musl",
        "@rollup/rollup-win32-arm64-msvc",
        "@rollup/rollup-win32-ia32-msvc",
        "@rollup/rollup-win32-x64-msvc",
        "@types/estree",
        "fsevents"
      ]
    },
    "source-map-js@1.2.1": {
      "integrity": "sha512-UXWMKhLOwVKb728IUtQPXxfYU+usdybtUrK/8uGE8CQMvrhOpwvzDBwj0QhSL7MQc7vIsISBG8VQ8+IDQxpfQA=="
    },
    "vite@5.4.11": {
      "integrity": "sha512-c7jFQRklXua0mTzneGW9QVyxFjUgwcihC4bXEtujIo2ouWCe1Ajt/amn2PCxYnhYfd5k09JX3SB7OYWFKYqj8Q==",
      "dependencies": [
        "esbuild",
        "fsevents",
        "postcss",
        "rollup"
      ]
    }
  },
  "workspace": {
    "dependencies": [
      "jsr:@fathym/kia@^0.0.117",
      "jsr:@std/path@^1.0.8"
    ],
    "packageJson": {
      "dependencies": [
        "npm:vite@^5.4.11"
      ]
    }
  }
}
